
Microsoft Visual Studio Solution File, Format Version 12.00
# Visual Studio 14
VisualStudioVersion = 14.0.25420.1
MinimumVisualStudioVersion = 10.0.40219.1
Project("{FAE04EC0-301F-11D3-BF4B-00C04F79EFBC}") = "BasicPersonData", "Person\BasicPersonData.csproj", "{40929174-AD17-4DAF-BC54-382D4821876B}"
EndProject
Project("{FAE04EC0-301F-11D3-BF4B-00C04F79EFBC}") = "InternalPayments", "Payments\InternalPayments.csproj", "{166DB857-FA02-41F5-BF71-B77DC4943655}"
EndProject
Project("{FAE04EC0-301F-11D3-BF4B-00C04F79EFBC}") = "ReportsAndProcesses", "ReportsManager\ReportsAndProcesses.csproj", "{DC7AF6BE-13E6-4CB8-A95C-7355602551F1}"
EndProject
Project("{FAE04EC0-301F-11D3-BF4B-00C04F79EFBC}") = "DBConfig", "DBConfig\DBConfig.csproj", "{DAD3FE10-751C-4AD4-B119-D7D2F6A19A93}"
EndProject
Project("{FAE04EC0-301F-11D3-BF4B-00C04F79EFBC}") = "Accounting", "BasicAccounting\Accounting.csproj", "{D4ACB4DE-D331-4D5E-B83E-0F7C7B39C36C}"
EndProject
Project("{FAE04EC0-301F-11D3-BF4B-00C04F79EFBC}") = "EventsAndAttendance", "EventsAndAttendance\EventsAndAttendance.csproj", "{6D1A0A87-B756-40D9-A010-5F2C97E7C788}"
EndProject
Project("{FAE04EC0-301F-11D3-BF4B-00C04F79EFBC}") = "REMSProcessRunner", "ProcessRunner\REMSProcessRunner.csproj", "{0AB60ABE-0B0E-44B2-B644-FBCA13BDA2D3}"
EndProject
Project("{FAE04EC0-301F-11D3-BF4B-00C04F79EFBC}") = "Manuals", "Manuals\Manuals.csproj", "{2FCB9D1C-A37F-4987-963A-FE3763A274B2}"
EndProject
Project("{FAE04EC0-301F-11D3-BF4B-00C04F79EFBC}") = "CommonCode", "CommonCode\CommonCode.csproj", "{FB562679-1B39-4BC9-B994-B20AD7061ACE}"
EndProject
Project("{FAE04EC0-301F-11D3-BF4B-00C04F79EFBC}") = "Enterprise_Management_System", "Enterprise_Management_System\Enterprise_Management_System.csproj", "{583535EE-9519-4F5B-9DE0-AF8B91D5577D}"
EndProject
Project("{FAE04EC0-301F-11D3-BF4B-00C04F79EFBC}") = "GeneralSetup", "GeneralSetup\GeneralSetup.csproj", "{21343F28-345A-404F-9D9F-5F5A362EBB79}"
EndProject
Project("{FAE04EC0-301F-11D3-BF4B-00C04F79EFBC}") = "OrganizationSetup", "OrganizationSetup\OrganizationSetup.csproj", "{B93D7C38-7BC5-432D-9B70-299E948627CC}"
EndProject
Project("{FAE04EC0-301F-11D3-BF4B-00C04F79EFBC}") = "RhoInterface", "rhoInterface\RhoInterface.csproj", "{D76CEC2D-B931-4335-907F-B19799307D6D}"
EndProject
Project("{FAE04EC0-301F-11D3-BF4B-00C04F79EFBC}") = "SystemAdministration", "Security\SystemAdministration.csproj", "{19D72F76-972B-46C2-AB4A-51115C1502D0}"
EndProject
Project("{FAE04EC0-301F-11D3-BF4B-00C04F79EFBC}") = "REMSCustomRunner", "REMSCustomRunner\REMSCustomRunner.csproj", "{3E8AC4C6-E22B-4325-823C-26BDB71AE83B}"
EndProject
Global
	GlobalSection(SolutionConfigurationPlatforms) = preSolution
		CD_ROM|Any CPU = CD_ROM|Any CPU
		Debug|Any CPU = Debug|Any CPU
		DVD-5|Any CPU = DVD-5|Any CPU
		Release|Any CPU = Release|Any CPU
		SingleImage|Any CPU = SingleImage|Any CPU
	EndGlobalSection
	GlobalSection(ProjectConfigurationPlatforms) = postSolution
		{40929174-AD17-4DAF-BC54-382D4821876B}.CD_ROM|Any CPU.ActiveCfg = Release|Any CPU
		{40929174-AD17-4DAF-BC54-382D4821876B}.CD_ROM|Any CPU.Build.0 = Release|Any CPU
		{40929174-AD17-4DAF-BC54-382D4821876B}.Debug|Any CPU.ActiveCfg = Debug|Any CPU
		{40929174-AD17-4DAF-BC54-382D4821876B}.Debug|Any CPU.Build.0 = Debug|Any CPU
		{40929174-AD17-4DAF-BC54-382D4821876B}.DVD-5|Any CPU.ActiveCfg = Debug|Any CPU
		{40929174-AD17-4DAF-BC54-382D4821876B}.DVD-5|Any CPU.Build.0 = Debug|Any CPU
		{40929174-AD17-4DAF-BC54-382D4821876B}.Release|Any CPU.ActiveCfg = Release|Any CPU
		{40929174-AD17-4DAF-BC54-382D4821876B}.Release|Any CPU.Build.0 = Release|Any CPU
		{40929174-AD17-4DAF-BC54-382D4821876B}.SingleImage|Any CPU.ActiveCfg = Release|Any CPU
		{40929174-AD17-4DAF-BC54-382D4821876B}.SingleImage|Any CPU.Build.0 = Release|Any CPU
		{166DB857-FA02-41F5-BF71-B77DC4943655}.CD_ROM|Any CPU.ActiveCfg = Release|Any CPU
		{166DB857-FA02-41F5-BF71-B77DC4943655}.CD_ROM|Any CPU.Build.0 = Release|Any CPU
		{166DB857-FA02-41F5-BF71-B77DC4943655}.Debug|Any CPU.ActiveCfg = Debug|Any CPU
		{166DB857-FA02-41F5-BF71-B77DC4943655}.Debug|Any CPU.Build.0 = Debug|Any CPU
		{166DB857-FA02-41F5-BF71-B77DC4943655}.DVD-5|Any CPU.ActiveCfg = Debug|Any CPU
		{166DB857-FA02-41F5-BF71-B77DC4943655}.DVD-5|Any CPU.Build.0 = Debug|Any CPU
		{166DB857-FA02-41F5-BF71-B77DC4943655}.Release|Any CPU.ActiveCfg = Release|Any CPU
		{166DB857-FA02-41F5-BF71-B77DC4943655}.Release|Any CPU.Build.0 = Release|Any CPU
		{166DB857-FA02-41F5-BF71-B77DC4943655}.SingleImage|Any CPU.ActiveCfg = Release|Any CPU
		{166DB857-FA02-41F5-BF71-B77DC4943655}.SingleImage|Any CPU.Build.0 = Release|Any CPU
		{DC7AF6BE-13E6-4CB8-A95C-7355602551F1}.CD_ROM|Any CPU.ActiveCfg = Release|Any CPU
		{DC7AF6BE-13E6-4CB8-A95C-7355602551F1}.CD_ROM|Any CPU.Build.0 = Release|Any CPU
		{DC7AF6BE-13E6-4CB8-A95C-7355602551F1}.Debug|Any CPU.ActiveCfg = Debug|Any CPU
		{DC7AF6BE-13E6-4CB8-A95C-7355602551F1}.Debug|Any CPU.Build.0 = Debug|Any CPU
		{DC7AF6BE-13E6-4CB8-A95C-7355602551F1}.DVD-5|Any CPU.ActiveCfg = Debug|Any CPU
		{DC7AF6BE-13E6-4CB8-A95C-7355602551F1}.DVD-5|Any CPU.Build.0 = Debug|Any CPU
		{DC7AF6BE-13E6-4CB8-A95C-7355602551F1}.Release|Any CPU.ActiveCfg = Release|Any CPU
		{DC7AF6BE-13E6-4CB8-A95C-7355602551F1}.Release|Any CPU.Build.0 = Release|Any CPU
		{DC7AF6BE-13E6-4CB8-A95C-7355602551F1}.SingleImage|Any CPU.ActiveCfg = Release|Any CPU
		{DC7AF6BE-13E6-4CB8-A95C-7355602551F1}.SingleImage|Any CPU.Build.0 = Release|Any CPU
		{DAD3FE10-751C-4AD4-B119-D7D2F6A19A93}.CD_ROM|Any CPU.ActiveCfg = Release|Any CPU
		{DAD3FE10-751C-4AD4-B119-D7D2F6A19A93}.CD_ROM|Any CPU.Build.0 = Release|Any CPU
		{DAD3FE10-751C-4AD4-B119-D7D2F6A19A93}.Debug|Any CPU.ActiveCfg = Debug|Any CPU
		{DAD3FE10-751C-4AD4-B119-D7D2F6A19A93}.Debug|Any CPU.Build.0 = Debug|Any CPU
		{DAD3FE10-751C-4AD4-B119-D7D2F6A19A93}.DVD-5|Any CPU.ActiveCfg = Debug|Any CPU
		{DAD3FE10-751C-4AD4-B119-D7D2F6A19A93}.DVD-5|Any CPU.Build.0 = Debug|Any CPU
		{DAD3FE10-751C-4AD4-B119-D7D2F6A19A93}.Release|Any CPU.ActiveCfg = Release|Any CPU
		{DAD3FE10-751C-4AD4-B119-D7D2F6A19A93}.Release|Any CPU.Build.0 = Release|Any CPU
		{DAD3FE10-751C-4AD4-B119-D7D2F6A19A93}.SingleImage|Any CPU.ActiveCfg = Release|Any CPU
		{DAD3FE10-751C-4AD4-B119-D7D2F6A19A93}.SingleImage|Any CPU.Build.0 = Release|Any CPU
		{D4ACB4DE-D331-4D5E-B83E-0F7C7B39C36C}.CD_ROM|Any CPU.ActiveCfg = Release|Any CPU
		{D4ACB4DE-D331-4D5E-B83E-0F7C7B39C36C}.CD_ROM|Any CPU.Build.0 = Release|Any CPU
		{D4ACB4DE-D331-4D5E-B83E-0F7C7B39C36C}.Debug|Any CPU.ActiveCfg = Debug|Any CPU
		{D4ACB4DE-D331-4D5E-B83E-0F7C7B39C36C}.Debug|Any CPU.Build.0 = Debug|Any CPU
		{D4ACB4DE-D331-4D5E-B83E-0F7C7B39C36C}.DVD-5|Any CPU.ActiveCfg = Debug|Any CPU
		{D4ACB4DE-D331-4D5E-B83E-0F7C7B39C36C}.DVD-5|Any CPU.Build.0 = Debug|Any CPU
		{D4ACB4DE-D331-4D5E-B83E-0F7C7B39C36C}.Release|Any CPU.ActiveCfg = Release|Any CPU
		{D4ACB4DE-D331-4D5E-B83E-0F7C7B39C36C}.Release|Any CPU.Build.0 = Release|Any CPU
		{D4ACB4DE-D331-4D5E-B83E-0F7C7B39C36C}.SingleImage|Any CPU.ActiveCfg = Release|Any CPU
		{D4ACB4DE-D331-4D5E-B83E-0F7C7B39C36C}.SingleImage|Any CPU.Build.0 = Release|Any CPU
		{6D1A0A87-B756-40D9-A010-5F2C97E7C788}.CD_ROM|Any CPU.ActiveCfg = Release|Any CPU
		{6D1A0A87-B756-40D9-A010-5F2C97E7C788}.CD_ROM|Any CPU.Build.0 = Release|Any CPU
		{6D1A0A87-B756-40D9-A010-5F2C97E7C788}.Debug|Any CPU.ActiveCfg = Debug|Any CPU
		{6D1A0A87-B756-40D9-A010-5F2C97E7C788}.Debug|Any CPU.Build.0 = Debug|Any CPU
		{6D1A0A87-B756-40D9-A010-5F2C97E7C788}.DVD-5|Any CPU.ActiveCfg = Debug|Any CPU
		{6D1A0A87-B756-40D9-A010-5F2C97E7C788}.DVD-5|Any CPU.Build.0 = Debug|Any CPU
		{6D1A0A87-B756-40D9-A010-5F2C97E7C788}.Release|Any CPU.ActiveCfg = Release|Any CPU
		{6D1A0A87-B756-40D9-A010-5F2C97E7C788}.Release|Any CPU.Build.0 = Release|Any CPU
		{6D1A0A87-B756-40D9-A010-5F2C97E7C788}.SingleImage|Any CPU.ActiveCfg = Release|Any CPU
		{6D1A0A87-B756-40D9-A010-5F2C97E7C788}.SingleImage|Any CPU.Build.0 = Release|Any CPU
		{0AB60ABE-0B0E-44B2-B644-FBCA13BDA2D3}.CD_ROM|Any CPU.ActiveCfg = Release|Any CPU
		{0AB60ABE-0B0E-44B2-B644-FBCA13BDA2D3}.CD_ROM|Any CPU.Build.0 = Release|Any CPU
		{0AB60ABE-0B0E-44B2-B644-FBCA13BDA2D3}.Debug|Any CPU.ActiveCfg = Debug|Any CPU
		{0AB60ABE-0B0E-44B2-B644-FBCA13BDA2D3}.Debug|Any CPU.Build.0 = Debug|Any CPU
		{0AB60ABE-0B0E-44B2-B644-FBCA13BDA2D3}.DVD-5|Any CPU.ActiveCfg = Debug|Any CPU
		{0AB60ABE-0B0E-44B2-B644-FBCA13BDA2D3}.DVD-5|Any CPU.Build.0 = Debug|Any CPU
		{0AB60ABE-0B0E-44B2-B644-FBCA13BDA2D3}.Release|Any CPU.ActiveCfg = Release|Any CPU
		{0AB60ABE-0B0E-44B2-B644-FBCA13BDA2D3}.Release|Any CPU.Build.0 = Release|Any CPU
		{0AB60ABE-0B0E-44B2-B644-FBCA13BDA2D3}.SingleImage|Any CPU.ActiveCfg = Release|Any CPU
		{0AB60ABE-0B0E-44B2-B644-FBCA13BDA2D3}.SingleImage|Any CPU.Build.0 = Release|Any CPU
		{2FCB9D1C-A37F-4987-963A-FE3763A274B2}.CD_ROM|Any CPU.ActiveCfg = Release|Any CPU
		{2FCB9D1C-A37F-4987-963A-FE3763A274B2}.CD_ROM|Any CPU.Build.0 = Release|Any CPU
		{2FCB9D1C-A37F-4987-963A-FE3763A274B2}.Debug|Any CPU.ActiveCfg = Debug|Any CPU
		{2FCB9D1C-A37F-4987-963A-FE3763A274B2}.Debug|Any CPU.Build.0 = Debug|Any CPU
		{2FCB9D1C-A37F-4987-963A-FE3763A274B2}.DVD-5|Any CPU.ActiveCfg = Debug|Any CPU
		{2FCB9D1C-A37F-4987-963A-FE3763A274B2}.DVD-5|Any CPU.Build.0 = Debug|Any CPU
		{2FCB9D1C-A37F-4987-963A-FE3763A274B2}.Release|Any CPU.ActiveCfg = Release|Any CPU
		{2FCB9D1C-A37F-4987-963A-FE3763A274B2}.Release|Any CPU.Build.0 = Release|Any CPU
		{2FCB9D1C-A37F-4987-963A-FE3763A274B2}.SingleImage|Any CPU.ActiveCfg = Release|Any CPU
		{2FCB9D1C-A37F-4987-963A-FE3763A274B2}.SingleImage|Any CPU.Build.0 = Release|Any CPU
		{FB562679-1B39-4BC9-B994-B20AD7061ACE}.CD_ROM|Any CPU.ActiveCfg = Release|Any CPU
		{FB562679-1B39-4BC9-B994-B20AD7061ACE}.CD_ROM|Any CPU.Build.0 = Release|Any CPU
		{FB562679-1B39-4BC9-B994-B20AD7061ACE}.Debug|Any CPU.ActiveCfg = Debug|Any CPU
		{FB562679-1B39-4BC9-B994-B20AD7061ACE}.Debug|Any CPU.Build.0 = Debug|Any CPU
		{FB562679-1B39-4BC9-B994-B20AD7061ACE}.DVD-5|Any CPU.ActiveCfg = Debug|Any CPU
		{FB562679-1B39-4BC9-B994-B20AD7061ACE}.DVD-5|Any CPU.Build.0 = Debug|Any CPU
		{FB562679-1B39-4BC9-B994-B20AD7061ACE}.Release|Any CPU.ActiveCfg = Release|Any CPU
		{FB562679-1B39-4BC9-B994-B20AD7061ACE}.Release|Any CPU.Build.0 = Release|Any CPU
		{FB562679-1B39-4BC9-B994-B20AD7061ACE}.SingleImage|Any CPU.ActiveCfg = Release|Any CPU
		{FB562679-1B39-4BC9-B994-B20AD7061ACE}.SingleImage|Any CPU.Build.0 = Release|Any CPU
		{583535EE-9519-4F5B-9DE0-AF8B91D5577D}.CD_ROM|Any CPU.ActiveCfg = Release|Any CPU
		{583535EE-9519-4F5B-9DE0-AF8B91D5577D}.CD_ROM|Any CPU.Build.0 = Release|Any CPU
		{583535EE-9519-4F5B-9DE0-AF8B91D5577D}.Debug|Any CPU.ActiveCfg = Debug|Any CPU
		{583535EE-9519-4F5B-9DE0-AF8B91D5577D}.Debug|Any CPU.Build.0 = Debug|Any CPU
		{583535EE-9519-4F5B-9DE0-AF8B91D5577D}.DVD-5|Any CPU.ActiveCfg = Debug|Any CPU
		{583535EE-9519-4F5B-9DE0-AF8B91D5577D}.DVD-5|Any CPU.Build.0 = Debug|Any CPU
		{583535EE-9519-4F5B-9DE0-AF8B91D5577D}.Release|Any CPU.ActiveCfg = Release|Any CPU
		{583535EE-9519-4F5B-9DE0-AF8B91D5577D}.Release|Any CPU.Build.0 = Release|Any CPU
		{583535EE-9519-4F5B-9DE0-AF8B91D5577D}.SingleImage|Any CPU.ActiveCfg = Release|Any CPU
		{583535EE-9519-4F5B-9DE0-AF8B91D5577D}.SingleImage|Any CPU.Build.0 = Release|Any CPU
		{21343F28-345A-404F-9D9F-5F5A362EBB79}.CD_ROM|Any CPU.ActiveCfg = Release|Any CPU
		{21343F28-345A-404F-9D9F-5F5A362EBB79}.CD_ROM|Any CPU.Build.0 = Release|Any CPU
		{21343F28-345A-404F-9D9F-5F5A362EBB79}.Debug|Any CPU.ActiveCfg = Debug|Any CPU
		{21343F28-345A-404F-9D9F-5F5A362EBB79}.Debug|Any CPU.Build.0 = Debug|Any CPU
		{21343F28-345A-404F-9D9F-5F5A362EBB79}.DVD-5|Any CPU.ActiveCfg = Debug|Any CPU
		{21343F28-345A-404F-9D9F-5F5A362EBB79}.DVD-5|Any CPU.Build.0 = Debug|Any CPU
		{21343F28-345A-404F-9D9F-5F5A362EBB79}.Release|Any CPU.ActiveCfg = Release|Any CPU
		{21343F28-345A-404F-9D9F-5F5A362EBB79}.Release|Any CPU.Build.0 = Release|Any CPU
		{21343F28-345A-404F-9D9F-5F5A362EBB79}.SingleImage|Any CPU.ActiveCfg = Release|Any CPU
		{21343F28-345A-404F-9D9F-5F5A362EBB79}.SingleImage|Any CPU.Build.0 = Release|Any CPU
		{B93D7C38-7BC5-432D-9B70-299E948627CC}.CD_ROM|Any CPU.ActiveCfg = Release|Any CPU
		{B93D7C38-7BC5-432D-9B70-299E948627CC}.CD_ROM|Any CPU.Build.0 = Release|Any CPU
		{B93D7C38-7BC5-432D-9B70-299E948627CC}.Debug|Any CPU.ActiveCfg = Debug|Any CPU
		{B93D7C38-7BC5-432D-9B70-299E948627CC}.Debug|Any CPU.Build.0 = Debug|Any CPU
		{B93D7C38-7BC5-432D-9B70-299E948627CC}.DVD-5|Any CPU.ActiveCfg = Debug|Any CPU
		{B93D7C38-7BC5-432D-9B70-299E948627CC}.DVD-5|Any CPU.Build.0 = Debug|Any CPU
		{B93D7C38-7BC5-432D-9B70-299E948627CC}.Release|Any CPU.ActiveCfg = Release|Any CPU
		{B93D7C38-7BC5-432D-9B70-299E948627CC}.Release|Any CPU.Build.0 = Release|Any CPU
		{B93D7C38-7BC5-432D-9B70-299E948627CC}.SingleImage|Any CPU.ActiveCfg = Release|Any CPU
		{B93D7C38-7BC5-432D-9B70-299E948627CC}.SingleImage|Any CPU.Build.0 = Release|Any CPU
		{D76CEC2D-B931-4335-907F-B19799307D6D}.CD_ROM|Any CPU.ActiveCfg = Release|Any CPU
		{D76CEC2D-B931-4335-907F-B19799307D6D}.CD_ROM|Any CPU.Build.0 = Release|Any CPU
		{D76CEC2D-B931-4335-907F-B19799307D6D}.Debug|Any CPU.ActiveCfg = Debug|Any CPU
		{D76CEC2D-B931-4335-907F-B19799307D6D}.Debug|Any CPU.Build.0 = Debug|Any CPU
		{D76CEC2D-B931-4335-907F-B19799307D6D}.DVD-5|Any CPU.ActiveCfg = Debug|Any CPU
		{D76CEC2D-B931-4335-907F-B19799307D6D}.DVD-5|Any CPU.Build.0 = Debug|Any CPU
		{D76CEC2D-B931-4335-907F-B19799307D6D}.Release|Any CPU.ActiveCfg = Release|Any CPU
		{D76CEC2D-B931-4335-907F-B19799307D6D}.Release|Any CPU.Build.0 = Release|Any CPU
		{D76CEC2D-B931-4335-907F-B19799307D6D}.SingleImage|Any CPU.ActiveCfg = Release|Any CPU
		{D76CEC2D-B931-4335-907F-B19799307D6D}.SingleImage|Any CPU.Build.0 = Release|Any CPU
		{19D72F76-972B-46C2-AB4A-51115C1502D0}.CD_ROM|Any CPU.ActiveCfg = Release|Any CPU
		{19D72F76-972B-46C2-AB4A-51115C1502D0}.CD_ROM|Any CPU.Build.0 = Release|Any CPU
		{19D72F76-972B-46C2-AB4A-51115C1502D0}.Debug|Any CPU.ActiveCfg = Debug|Any CPU
		{19D72F76-972B-46C2-AB4A-51115C1502D0}.Debug|Any CPU.Build.0 = Debug|Any CPU
		{19D72F76-972B-46C2-AB4A-51115C1502D0}.DVD-5|Any CPU.ActiveCfg = Debug|Any CPU
		{19D72F76-972B-46C2-AB4A-51115C1502D0}.DVD-5|Any CPU.Build.0 = Debug|Any CPU
		{19D72F76-972B-46C2-AB4A-51115C1502D0}.Release|Any CPU.ActiveCfg = Release|Any CPU
		{19D72F76-972B-46C2-AB4A-51115C1502D0}.Release|Any CPU.Build.0 = Release|Any CPU
		{19D72F76-972B-46C2-AB4A-51115C1502D0}.SingleImage|Any CPU.ActiveCfg = Release|Any CPU
		{19D72F76-972B-46C2-AB4A-51115C1502D0}.SingleImage|Any CPU.Build.0 = Release|Any CPU
		{3E8AC4C6-E22B-4325-823C-26BDB71AE83B}.CD_ROM|Any CPU.ActiveCfg = Release|Any CPU
		{3E8AC4C6-E22B-4325-823C-26BDB71AE83B}.CD_ROM|Any CPU.Build.0 = Release|Any CPU
		{3E8AC4C6-E22B-4325-823C-26BDB71AE83B}.Debug|Any CPU.ActiveCfg = Debug|Any CPU
		{3E8AC4C6-E22B-4325-823C-26BDB71AE83B}.Debug|Any CPU.Build.0 = Debug|Any CPU
		{3E8AC4C6-E22B-4325-823C-26BDB71AE83B}.DVD-5|Any CPU.ActiveCfg = Debug|Any CPU
		{3E8AC4C6-E22B-4325-823C-26BDB71AE83B}.DVD-5|Any CPU.Build.0 = Debug|Any CPU
		{3E8AC4C6-E22B-4325-823C-26BDB71AE83B}.Release|Any CPU.ActiveCfg = Release|Any CPU
		{3E8AC4C6-E22B-4325-823C-26BDB71AE83B}.Release|Any CPU.Build.0 = Release|Any CPU
		{3E8AC4C6-E22B-4325-823C-26BDB71AE83B}.SingleImage|Any CPU.ActiveCfg = Release|Any CPU
		{3E8AC4C6-E22B-4325-823C-26BDB71AE83B}.SingleImage|Any CPU.Build.0 = Release|Any CPU
	EndGlobalSection
	GlobalSection(SolutionProperties) = preSolution
		HideSolutionNode = FALSE
	EndGlobalSection
EndGlobal
